
Microsoft Visual Studio Solution File, Format Version 12.00
# Visual Studio Version 16
VisualStudioVersion = 16.0.31515.178
MinimumVisualStudioVersion = 10.0.40219.1
Project("{FAE04EC0-301F-11D3-BF4B-00C04F79EFBC}") = "ex5_Logging", "ex5_Logging\ex5_Logging.csproj", "{EE878DB4-A1DA-4AF5-B05B-52BB28F1812F}"
EndProject
Global
	GlobalSection(SolutionConfigurationPlatforms) = preSolution
		Debug|Any CPU = Debug|Any CPU
		Release|Any CPU = Release|Any CPU
	EndGlobalSection
	GlobalSection(ProjectConfigurationPlatforms) = postSolution
		{EE878DB4-A1DA-4AF5-B05B-52BB28F1812F}.Debug|Any CPU.ActiveCfg = Debug|Any CPU
		{EE878DB4-A1DA-4AF5-B05B-52BB28F1812F}.Debug|Any CPU.Build.0 = Debug|Any CPU
		{EE878DB4-A1DA-4AF5-B05B-52BB28F1812F}.Release|Any CPU.ActiveCfg = Release|Any CPU
		{EE878DB4-A1DA-4AF5-B05B-52BB28F1812F}.Release|Any CPU.Build.0 = Release|Any CPU
	EndGlobalSection
	GlobalSection(SolutionProperties) = preSolution
		HideSolutionNode = FALSE
	EndGlobalSection
	GlobalSection(ExtensibilityGlobals) = postSolution
		SolutionGuid = {DA9C2864-FF5D-4BC5-BAFF-E55032AB42C1}
	EndGlobalSection
EndGlobal
